
Microsoft Visual Studio Solution File, Format Version 12.00
# Visual Studio Version 17
VisualStudioVersion = 17.1.32210.238
MinimumVisualStudioVersion = 10.0.40219.1
Project("{9A19103F-16F7-4668-BE54-9A1E7A4F7556}") = "Pankki2", "Pankki2\Pankki2.csproj", "{7C6DAB3F-EDD2-4A67-B719-C5274E36327B}"
EndProject
Project("{FAE04EC0-301F-11D3-BF4B-00C04F79EFBC}") = "pankkiTestit", "pankkiTestit\pankkiTestit.csproj", "{F57F24C8-A4E7-4D31-A73F-71DBE78BFAD5}"
EndProject
Global
	GlobalSection(SolutionConfigurationPlatforms) = preSolution
		Debug|Any CPU = Debug|Any CPU
		Release|Any CPU = Release|Any CPU
	EndGlobalSection
	GlobalSection(ProjectConfigurationPlatforms) = postSolution
		{7C6DAB3F-EDD2-4A67-B719-C5274E36327B}.Debug|Any CPU.ActiveCfg = Debug|Any CPU
		{7C6DAB3F-EDD2-4A67-B719-C5274E36327B}.Debug|Any CPU.Build.0 = Debug|Any CPU
		{7C6DAB3F-EDD2-4A67-B719-C5274E36327B}.Release|Any CPU.ActiveCfg = Release|Any CPU
		{7C6DAB3F-EDD2-4A67-B719-C5274E36327B}.Release|Any CPU.Build.0 = Release|Any CPU
		{F57F24C8-A4E7-4D31-A73F-71DBE78BFAD5}.Debug|Any CPU.ActiveCfg = Debug|Any CPU
		{F57F24C8-A4E7-4D31-A73F-71DBE78BFAD5}.Debug|Any CPU.Build.0 = Debug|Any CPU
		{F57F24C8-A4E7-4D31-A73F-71DBE78BFAD5}.Release|Any CPU.ActiveCfg = Release|Any CPU
		{F57F24C8-A4E7-4D31-A73F-71DBE78BFAD5}.Release|Any CPU.Build.0 = Release|Any CPU
	EndGlobalSection
	GlobalSection(SolutionProperties) = preSolution
		HideSolutionNode = FALSE
	EndGlobalSection
	GlobalSection(ExtensibilityGlobals) = postSolution
		SolutionGuid = {8A4E1592-BFA9-477A-98C9-CD0316C3CF36}
	EndGlobalSection
EndGlobal
