
Microsoft Visual Studio Solution File, Format Version 12.00
# Visual Studio Version 17
VisualStudioVersion = 17.0.32126.317
MinimumVisualStudioVersion = 10.0.40219.1
Project("{FAE04EC0-301F-11D3-BF4B-00C04F79EFBC}") = "Harjoituksia_dia68", "Harjoituksia_dia68\Harjoituksia_dia68.csproj", "{2796FFF4-FF17-4679-8E5C-9717F1207898}"
EndProject
Global
	GlobalSection(SolutionConfigurationPlatforms) = preSolution
		Debug|Any CPU = Debug|Any CPU
		Release|Any CPU = Release|Any CPU
	EndGlobalSection
	GlobalSection(ProjectConfigurationPlatforms) = postSolution
		{2796FFF4-FF17-4679-8E5C-9717F1207898}.Debug|Any CPU.ActiveCfg = Debug|Any CPU
		{2796FFF4-FF17-4679-8E5C-9717F1207898}.Debug|Any CPU.Build.0 = Debug|Any CPU
		{2796FFF4-FF17-4679-8E5C-9717F1207898}.Release|Any CPU.ActiveCfg = Release|Any CPU
		{2796FFF4-FF17-4679-8E5C-9717F1207898}.Release|Any CPU.Build.0 = Release|Any CPU
	EndGlobalSection
	GlobalSection(SolutionProperties) = preSolution
		HideSolutionNode = FALSE
	EndGlobalSection
	GlobalSection(ExtensibilityGlobals) = postSolution
		SolutionGuid = {2A93D2B5-F438-4F14-9A07-504E4A5F630E}
	EndGlobalSection
EndGlobal
